# This file is automatically @generated by Cargo.
# It is not intended for manual editing.
version = 4

[[package]]
name = "braidpipe"
version = "0.1.0"

[[package]]
name = "braidpipe-core"
version = "0.1.0"

[[package]]
name = "braidpipe-engine"
version = "0.1.0"

[[package]]
name = "braidpipe-ipc"
version = "0.1.0"
